
Microsoft Visual Studio Solution File, Format Version 12.00
# Visual Studio Version 17
VisualStudioVersion = 17.9.34616.47
MinimumVisualStudioVersion = 10.0.40219.1
Project("{FAE04EC0-301F-11D3-BF4B-00C04F79EFBC}") = "tubes", "tubes\tubes.csproj", "{6A6025DF-2A29-4460-97CB-9B8D9BC680F0}"
EndProject
Project("{FAE04EC0-301F-11D3-BF4B-00C04F79EFBC}") = "TestProject1", "TestProject1\TestProject1.csproj", "{A3C2CD0E-D4F7-4E8D-9812-F9DA8507D3D8}"
EndProject
Global
	GlobalSection(SolutionConfigurationPlatforms) = preSolution
		Debug|Any CPU = Debug|Any CPU
		Release|Any CPU = Release|Any CPU
	EndGlobalSection
	GlobalSection(ProjectConfigurationPlatforms) = postSolution
		{6A6025DF-2A29-4460-97CB-9B8D9BC680F0}.Debug|Any CPU.ActiveCfg = Debug|Any CPU
		{6A6025DF-2A29-4460-97CB-9B8D9BC680F0}.Debug|Any CPU.Build.0 = Debug|Any CPU
		{6A6025DF-2A29-4460-97CB-9B8D9BC680F0}.Release|Any CPU.ActiveCfg = Release|Any CPU
		{6A6025DF-2A29-4460-97CB-9B8D9BC680F0}.Release|Any CPU.Build.0 = Release|Any CPU
		{A3C2CD0E-D4F7-4E8D-9812-F9DA8507D3D8}.Debug|Any CPU.ActiveCfg = Debug|Any CPU
		{A3C2CD0E-D4F7-4E8D-9812-F9DA8507D3D8}.Debug|Any CPU.Build.0 = Debug|Any CPU
		{A3C2CD0E-D4F7-4E8D-9812-F9DA8507D3D8}.Release|Any CPU.ActiveCfg = Release|Any CPU
		{A3C2CD0E-D4F7-4E8D-9812-F9DA8507D3D8}.Release|Any CPU.Build.0 = Release|Any CPU
	EndGlobalSection
	GlobalSection(SolutionProperties) = preSolution
		HideSolutionNode = FALSE
	EndGlobalSection
	GlobalSection(ExtensibilityGlobals) = postSolution
		SolutionGuid = {E1A7C343-01B2-444E-9268-1639B7AB5936}
	EndGlobalSection
EndGlobal
